
Microsoft Visual Studio Solution File, Format Version 12.00
# Visual Studio Version 16
VisualStudioVersion = 16.0.29806.167
MinimumVisualStudioVersion = 10.0.40219.1
Project("{2150E333-8FDC-42A3-9474-1A3956D46DE8}") = "V1 - Initial", "V1 - Initial", "{080F9182-7D91-43BD-95BC-AE42A2014034}"
EndProject
Project("{FAE04EC0-301F-11D3-BF4B-00C04F79EFBC}") = "ConsoleWebServer.Application", "ConsoleWebServer - initial\ConsoleWebServer.Application\ConsoleWebServer.Application.csproj", "{3DFCCDC6-8EE7-4343-8E9D-F083ADBD9884}"
EndProject
Project("{FAE04EC0-301F-11D3-BF4B-00C04F79EFBC}") = "ConsoleWebServer.Framework", "ConsoleWebServer - initial\ConsoleWebServer.Framework\ConsoleWebServer.Framework.csproj", "{8E420F13-35C3-4ED7-92FB-2B4A469B2BE4}"
EndProject
Global
	GlobalSection(SolutionConfigurationPlatforms) = preSolution
		Debug|Any CPU = Debug|Any CPU
		Release|Any CPU = Release|Any CPU
	EndGlobalSection
	GlobalSection(ProjectConfigurationPlatforms) = postSolution
		{3DFCCDC6-8EE7-4343-8E9D-F083ADBD9884}.Debug|Any CPU.ActiveCfg = Debug|Any CPU
		{3DFCCDC6-8EE7-4343-8E9D-F083ADBD9884}.Debug|Any CPU.Build.0 = Debug|Any CPU
		{3DFCCDC6-8EE7-4343-8E9D-F083ADBD9884}.Release|Any CPU.ActiveCfg = Release|Any CPU
		{3DFCCDC6-8EE7-4343-8E9D-F083ADBD9884}.Release|Any CPU.Build.0 = Release|Any CPU
		{8E420F13-35C3-4ED7-92FB-2B4A469B2BE4}.Debug|Any CPU.ActiveCfg = Debug|Any CPU
		{8E420F13-35C3-4ED7-92FB-2B4A469B2BE4}.Debug|Any CPU.Build.0 = Debug|Any CPU
		{8E420F13-35C3-4ED7-92FB-2B4A469B2BE4}.Release|Any CPU.ActiveCfg = Release|Any CPU
		{8E420F13-35C3-4ED7-92FB-2B4A469B2BE4}.Release|Any CPU.Build.0 = Release|Any CPU
	EndGlobalSection
	GlobalSection(SolutionProperties) = preSolution
		HideSolutionNode = FALSE
	EndGlobalSection
	GlobalSection(NestedProjects) = preSolution
		{3DFCCDC6-8EE7-4343-8E9D-F083ADBD9884} = {080F9182-7D91-43BD-95BC-AE42A2014034}
		{8E420F13-35C3-4ED7-92FB-2B4A469B2BE4} = {080F9182-7D91-43BD-95BC-AE42A2014034}
	EndGlobalSection
	GlobalSection(ExtensibilityGlobals) = postSolution
		SolutionGuid = {CB7B42F0-849A-46AE-A05D-5AA152A12FBB}
	EndGlobalSection
EndGlobal
