
Microsoft Visual Studio Solution File, Format Version 12.00
# Visual Studio Version 16
VisualStudioVersion = 16.0.29806.167
MinimumVisualStudioVersion = 10.0.40219.1
Project("{FAE04EC0-301F-11D3-BF4B-00C04F79EFBC}") = "04. Jedi Dreams", "04. Jedi Dreams\04. Jedi Dreams.csproj", "{AA6A6389-8EA4-4512-8F88-68220F81C880}"
EndProject
Global
	GlobalSection(SolutionConfigurationPlatforms) = preSolution
		Debug|Any CPU = Debug|Any CPU
		Release|Any CPU = Release|Any CPU
	EndGlobalSection
	GlobalSection(ProjectConfigurationPlatforms) = postSolution
		{AA6A6389-8EA4-4512-8F88-68220F81C880}.Debug|Any CPU.ActiveCfg = Debug|Any CPU
		{AA6A6389-8EA4-4512-8F88-68220F81C880}.Debug|Any CPU.Build.0 = Debug|Any CPU
		{AA6A6389-8EA4-4512-8F88-68220F81C880}.Release|Any CPU.ActiveCfg = Release|Any CPU
		{AA6A6389-8EA4-4512-8F88-68220F81C880}.Release|Any CPU.Build.0 = Release|Any CPU
	EndGlobalSection
	GlobalSection(SolutionProperties) = preSolution
		HideSolutionNode = FALSE
	EndGlobalSection
	GlobalSection(ExtensibilityGlobals) = postSolution
		SolutionGuid = {0D81439C-8C9D-4114-BD0D-04702EC164EB}
	EndGlobalSection
EndGlobal
